
Microsoft Visual Studio Solution File, Format Version 12.00
# Visual Studio Version 16
VisualStudioVersion = 16.0.30128.74
MinimumVisualStudioVersion = 10.0.40219.1
Project("{FAE04EC0-301F-11D3-BF4B-00C04F79EFBC}") = "TwitterBotDotNet", "TwitterBotDotNet.csproj", "{6F6800EC-9480-4F51-A2DD-740CDBD85016}"
EndProject
Global
	GlobalSection(SolutionConfigurationPlatforms) = preSolution
		Debug|Any CPU = Debug|Any CPU
		Release|Any CPU = Release|Any CPU
	EndGlobalSection
	GlobalSection(ProjectConfigurationPlatforms) = postSolution
		{6F6800EC-9480-4F51-A2DD-740CDBD85016}.Debug|Any CPU.ActiveCfg = Debug|Any CPU
		{6F6800EC-9480-4F51-A2DD-740CDBD85016}.Debug|Any CPU.Build.0 = Debug|Any CPU
		{6F6800EC-9480-4F51-A2DD-740CDBD85016}.Release|Any CPU.ActiveCfg = Release|Any CPU
		{6F6800EC-9480-4F51-A2DD-740CDBD85016}.Release|Any CPU.Build.0 = Release|Any CPU
	EndGlobalSection
	GlobalSection(SolutionProperties) = preSolution
		HideSolutionNode = FALSE
	EndGlobalSection
	GlobalSection(ExtensibilityGlobals) = postSolution
		SolutionGuid = {7C3C892E-656B-4A23-BE74-73355AA84CBA}
	EndGlobalSection
EndGlobal
